
Microsoft Visual Studio Solution File, Format Version 12.00
# Visual Studio Version 17
VisualStudioVersion = 17.0.31903.59
MinimumVisualStudioVersion = 10.0.40219.1
Project("{2150E333-8FDC-42A3-9474-1A3956D46DE8}") = "src", "src", "{EF1703F9-FCDF-41C0-A0DA-247DA33F2818}"
EndProject
Project("{FAE04EC0-301F-11D3-BF4B-00C04F79EFBC}") = "AuctionService", "src\AuctionService\AuctionService.csproj", "{DED7AC53-0811-4BC5-B263-5868A779D800}"
EndProject
Project("{FAE04EC0-301F-11D3-BF4B-00C04F79EFBC}") = "SearchService", "src\SearchService\SearchService.csproj", "{6432459A-1022-4BFD-A82F-267F74AFC550}"
EndProject
Global
	GlobalSection(SolutionConfigurationPlatforms) = preSolution
		Debug|Any CPU = Debug|Any CPU
		Release|Any CPU = Release|Any CPU
	EndGlobalSection
	GlobalSection(SolutionProperties) = preSolution
		HideSolutionNode = FALSE
	EndGlobalSection
	GlobalSection(ProjectConfigurationPlatforms) = postSolution
		{DED7AC53-0811-4BC5-B263-5868A779D800}.Debug|Any CPU.ActiveCfg = Debug|Any CPU
		{DED7AC53-0811-4BC5-B263-5868A779D800}.Debug|Any CPU.Build.0 = Debug|Any CPU
		{DED7AC53-0811-4BC5-B263-5868A779D800}.Release|Any CPU.ActiveCfg = Release|Any CPU
		{DED7AC53-0811-4BC5-B263-5868A779D800}.Release|Any CPU.Build.0 = Release|Any CPU
		{6432459A-1022-4BFD-A82F-267F74AFC550}.Debug|Any CPU.ActiveCfg = Debug|Any CPU
		{6432459A-1022-4BFD-A82F-267F74AFC550}.Debug|Any CPU.Build.0 = Debug|Any CPU
		{6432459A-1022-4BFD-A82F-267F74AFC550}.Release|Any CPU.ActiveCfg = Release|Any CPU
		{6432459A-1022-4BFD-A82F-267F74AFC550}.Release|Any CPU.Build.0 = Release|Any CPU
	EndGlobalSection
	GlobalSection(NestedProjects) = preSolution
		{DED7AC53-0811-4BC5-B263-5868A779D800} = {EF1703F9-FCDF-41C0-A0DA-247DA33F2818}
		{6432459A-1022-4BFD-A82F-267F74AFC550} = {EF1703F9-FCDF-41C0-A0DA-247DA33F2818}
	EndGlobalSection
EndGlobal
